
Microsoft Visual Studio Solution File, Format Version 12.00
# Visual Studio Version 17
VisualStudioVersion = 17.5.33516.290
MinimumVisualStudioVersion = 10.0.40219.1
Project("{FAE04EC0-301F-11D3-BF4B-00C04F79EFBC}") = "PDF_Search", "PDF_Search\PDF_Search.csproj", "{EC2D2A79-F82B-492F-9FC7-AC7A74FF7EF7}"
EndProject
Global
	GlobalSection(SolutionConfigurationPlatforms) = preSolution
		Debug|Any CPU = Debug|Any CPU
		Release|Any CPU = Release|Any CPU
	EndGlobalSection
	GlobalSection(ProjectConfigurationPlatforms) = postSolution
		{EC2D2A79-F82B-492F-9FC7-AC7A74FF7EF7}.Debug|Any CPU.ActiveCfg = Debug|Any CPU
		{EC2D2A79-F82B-492F-9FC7-AC7A74FF7EF7}.Debug|Any CPU.Build.0 = Debug|Any CPU
		{EC2D2A79-F82B-492F-9FC7-AC7A74FF7EF7}.Release|Any CPU.ActiveCfg = Release|Any CPU
		{EC2D2A79-F82B-492F-9FC7-AC7A74FF7EF7}.Release|Any CPU.Build.0 = Release|Any CPU
	EndGlobalSection
	GlobalSection(SolutionProperties) = preSolution
		HideSolutionNode = FALSE
	EndGlobalSection
	GlobalSection(ExtensibilityGlobals) = postSolution
		SolutionGuid = {97BA061A-076D-47E1-AD93-B07BC36A5371}
	EndGlobalSection
EndGlobal
